
Microsoft Visual Studio Solution File, Format Version 12.00
# Visual Studio Version 17
VisualStudioVersion = 17.9.34622.214
MinimumVisualStudioVersion = 10.0.40219.1
Project("{FAE04EC0-301F-11D3-BF4B-00C04F79EFBC}") = "EduCrew", "EduCrew.csproj", "{20623E0D-917B-4151-A140-C014000C313C}"
EndProject
Global
	GlobalSection(SolutionConfigurationPlatforms) = preSolution
		Debug|Any CPU = Debug|Any CPU
		Release|Any CPU = Release|Any CPU
	EndGlobalSection
	GlobalSection(ProjectConfigurationPlatforms) = postSolution
		{20623E0D-917B-4151-A140-C014000C313C}.Debug|Any CPU.ActiveCfg = Debug|Any CPU
		{20623E0D-917B-4151-A140-C014000C313C}.Debug|Any CPU.Build.0 = Debug|Any CPU
		{20623E0D-917B-4151-A140-C014000C313C}.Release|Any CPU.ActiveCfg = Release|Any CPU
		{20623E0D-917B-4151-A140-C014000C313C}.Release|Any CPU.Build.0 = Release|Any CPU
	EndGlobalSection
	GlobalSection(SolutionProperties) = preSolution
		HideSolutionNode = FALSE
	EndGlobalSection
	GlobalSection(ExtensibilityGlobals) = postSolution
		SolutionGuid = {9725A6AF-C230-4B1F-984B-EFF8332A44B5}
	EndGlobalSection
EndGlobal
